{
  "name": "auth",
  "version": "1.0.0",
  "lockfileVersion": 1,
  "requires": true,
  "dependencies": {
    "medme-ehr": {
      "version": "http://git.dev.gbooking.ru/gbooking/node-medme-ehr/repository/archive.tar.gz?ref=1.0.0",
      "integrity": "sha512-NAg8t+K+a6ZJwrjr7copIsZrMbmypBWLthGVh0MwaSLvNOzmZiTuhm374jeafUhNwAHfAcV0O0GFiirLIoin3A=="
    }
  }
}
