{
  "name": "auth",
  "version": "1.0.0",
  "lockfileVersion": 1,
  "requires": true,
  "dependencies": {
    "medme-ehr": {
      "version": "http://git.dev.gbooking.ru/gbooking/node-medme-ehr/repository/archive.tar.gz?ref=1.0.1",
      "integrity": "sha512-futATC+l7eu2OhQvGtgpjbKqB/98CdPD5N/y+elK4fbnIwD+3cIm37dvG5SI+r3VmYZrT7W+049b0HDmfo7uIw=="
    }
  }
}
