{
  "name": "auth",
  "version": "1.0.0",
  "lockfileVersion": 1,
  "requires": true,
  "dependencies": {
    "medme-ehr": {
      "version": "http://git.dev.gbooking.ru/gbooking/node-medme-ehr/repository/archive.tar.gz?ref=1.0.2",
      "integrity": "sha512-sNqY2+uVFfzfMHZpZvuv/lP3K9i0Mle3XZTcoixZBfSI4OH1kxLlf2y4jGEQq9euPxL4wtGh3YA9BGf2u0dhMg=="
    }
  }
}
